
Microsoft Visual Studio Solution File, Format Version 12.00
# Visual Studio Version 16
VisualStudioVersion = 16.0.30320.27
MinimumVisualStudioVersion = 10.0.40219.1
Project("{F184B08F-C81C-45F6-A57F-5ABD9991F28F}") = "vba", "vba.vbproj", "{22562408-0592-4B0F-9367-20AC0867023F}"
EndProject
Global
	GlobalSection(SolutionConfigurationPlatforms) = preSolution
		Debug|Any CPU = Debug|Any CPU
		Debug|x64 = Debug|x64
		PlantMAT|Any CPU = PlantMAT|Any CPU
		PlantMAT|x64 = PlantMAT|x64
		Release|Any CPU = Release|Any CPU
		Release|x64 = Release|x64
	EndGlobalSection
	GlobalSection(ProjectConfigurationPlatforms) = postSolution
		{22562408-0592-4B0F-9367-20AC0867023F}.Debug|Any CPU.ActiveCfg = Debug|Any CPU
		{22562408-0592-4B0F-9367-20AC0867023F}.Debug|Any CPU.Build.0 = Debug|Any CPU
		{22562408-0592-4B0F-9367-20AC0867023F}.Debug|x64.ActiveCfg = Debug|x64
		{22562408-0592-4B0F-9367-20AC0867023F}.Debug|x64.Build.0 = Debug|x64
		{22562408-0592-4B0F-9367-20AC0867023F}.PlantMAT|Any CPU.ActiveCfg = PlantMAT|Any CPU
		{22562408-0592-4B0F-9367-20AC0867023F}.PlantMAT|Any CPU.Build.0 = PlantMAT|Any CPU
		{22562408-0592-4B0F-9367-20AC0867023F}.PlantMAT|x64.ActiveCfg = PlantMAT|x64
		{22562408-0592-4B0F-9367-20AC0867023F}.PlantMAT|x64.Build.0 = PlantMAT|x64
		{22562408-0592-4B0F-9367-20AC0867023F}.Release|Any CPU.ActiveCfg = Release|Any CPU
		{22562408-0592-4B0F-9367-20AC0867023F}.Release|Any CPU.Build.0 = Release|Any CPU
		{22562408-0592-4B0F-9367-20AC0867023F}.Release|x64.ActiveCfg = Release|x64
		{22562408-0592-4B0F-9367-20AC0867023F}.Release|x64.Build.0 = Release|x64
	EndGlobalSection
	GlobalSection(SolutionProperties) = preSolution
		HideSolutionNode = FALSE
	EndGlobalSection
	GlobalSection(ExtensibilityGlobals) = postSolution
		SolutionGuid = {71F766E2-E1C8-4585-9A72-82DA0CAE4F1D}
	EndGlobalSection
EndGlobal
